// !$*UTF8*$!
{
	archiveVersion = 1;
	classes = {
	};
	objectVersion = 52;
	objects = {

/* Begin PBXBuildFile section */
		62043B3426CF9C00001EA622 /* AppDelegate.swift in Sources */ = {isa = PBXBuildFile; fileRef = 62043B3326CF9C00001EA622 /* AppDelegate.swift */; };
		62043B3626CF9C00001EA622 /* SceneDelegate.swift in Sources */ = {isa = PBXBuildFile; fileRef = 62043B3526CF9C00001EA622 /* SceneDelegate.swift */; };
		62043B3826CF9C00001EA622 /* ContentView.swift in Sources */ = {isa = PBXBuildFile; fileRef = 62043B3726CF9C00001EA622 /* ContentView.swift */; };
		62043B3A26CF9C02001EA622 /* Assets.xcassets in Resources */ = {isa = PBXBuildFile; fileRef = 62043B3926CF9C02001EA622 /* Assets.xcassets */; };
		62043B3D26CF9C02001EA622 /* Preview Assets.xcassets in Resources */ = {isa = PBXBuildFile; fileRef = 62043B3C26CF9C02001EA622 /* Preview Assets.xcassets */; };
		62043B4026CF9C02001EA622 /* LaunchScreen.storyboard in Resources */ = {isa = PBXBuildFile; fileRef = 62043B3E26CF9C02001EA622 /* LaunchScreen.storyboard */; };
		62043B4A26CF9C15001EA622 /* WebLoader.swift in Sources */ = {isa = PBXBuildFile; fileRef = 62043B4726CF9C15001EA622 /* WebLoader.swift */; };
		62043B4B26CF9C15001EA622 /* CovidAPI.swift in Sources */ = {isa = PBXBuildFile; fileRef = 62043B4826CF9C15001EA622 /* CovidAPI.swift */; };
		62043B4C26CF9C15001EA622 /* LoadingSpinner.swift in Sources */ = {isa = PBXBuildFile; fileRef = 62043B4926CF9C15001EA622 /* LoadingSpinner.swift */; };
		62043B5026CF9C66001EA622 /* SwiftSoup in Frameworks */ = {isa = PBXBuildFile; productRef = 62043B4F26CF9C66001EA622 /* SwiftSoup */; };
		62043B5226CFA13B001EA622 /* StatView.swift in Sources */ = {isa = PBXBuildFile; fileRef = 62043B5126CFA13B001EA622 /* StatView.swift */; };
		62043B5726CFA162001EA622 /* ViewModel.swift in Sources */ = {isa = PBXBuildFile; fileRef = 62043B5626CFA162001EA622 /* ViewModel.swift */; };
		6230290C26DA041A00FCCA9B /* Delta View Model.swift in Sources */ = {isa = PBXBuildFile; fileRef = 6230290B26DA041A00FCCA9B /* Delta View Model.swift */; };
		6230290E26DA046500FCCA9B /* DeltaView.swift in Sources */ = {isa = PBXBuildFile; fileRef = 6230290D26DA046500FCCA9B /* DeltaView.swift */; };
		6230291126DA0D9C00FCCA9B /* SwiftUICharts in Frameworks */ = {isa = PBXBuildFile; productRef = 6230291026DA0D9C00FCCA9B /* SwiftUICharts */; };
		6230291526DA127300FCCA9B /* MainView.swift in Sources */ = {isa = PBXBuildFile; fileRef = 6230291426DA127300FCCA9B /* MainView.swift */; };
		6286348426CFB25C009FFC9D /* WidgetKit.framework in Frameworks */ = {isa = PBXBuildFile; fileRef = 6286348326CFB25C009FFC9D /* WidgetKit.framework */; };
		6286348626CFB25C009FFC9D /* SwiftUI.framework in Frameworks */ = {isa = PBXBuildFile; fileRef = 6286348526CFB25C009FFC9D /* SwiftUI.framework */; };
		6286348926CFB25C009FFC9D /* GoVID_Widgets.swift in Sources */ = {isa = PBXBuildFile; fileRef = 6286348826CFB25C009FFC9D /* GoVID_Widgets.swift */; };
		6286348B26CFB25C009FFC9D /* Assets.xcassets in Resources */ = {isa = PBXBuildFile; fileRef = 6286348A26CFB25C009FFC9D /* Assets.xcassets */; };
		6286348F26CFB25C009FFC9D /* GoVID-WidgetsExtension.appex in Embed App Extensions */ = {isa = PBXBuildFile; fileRef = 6286348126CFB25C009FFC9D /* GoVID-WidgetsExtension.appex */; settings = {ATTRIBUTES = (RemoveHeadersOnCopy, ); }; };
		6286349526CFB2E2009FFC9D /* CovidAPI.swift in Sources */ = {isa = PBXBuildFile; fileRef = 62043B4826CF9C15001EA622 /* CovidAPI.swift */; };
		6286349626CFB2F0009FFC9D /* WebLoader.swift in Sources */ = {isa = PBXBuildFile; fileRef = 62043B4726CF9C15001EA622 /* WebLoader.swift */; };
		6286349826CFB2FE009FFC9D /* SwiftSoup in Frameworks */ = {isa = PBXBuildFile; productRef = 6286349726CFB2FE009FFC9D /* SwiftSoup */; };
		6286349926CFB308009FFC9D /* StatView.swift in Sources */ = {isa = PBXBuildFile; fileRef = 62043B5126CFA13B001EA622 /* StatView.swift */; };
		6286349C26CFB375009FFC9D /* ActiveCasesViewModel.swift in Sources */ = {isa = PBXBuildFile; fileRef = 6286349A26CFB331009FFC9D /* ActiveCasesViewModel.swift */; };
/* End PBXBuildFile section */

/* Begin PBXContainerItemProxy section */
		6286348D26CFB25C009FFC9D /* PBXContainerItemProxy */ = {
			isa = PBXContainerItemProxy;
			containerPortal = 62043B2826CF9C00001EA622 /* Project object */;
			proxyType = 1;
			remoteGlobalIDString = 6286348026CFB25C009FFC9D;
			remoteInfo = "GoVID-WidgetsExtension";
		};
/* End PBXContainerItemProxy section */

/* Begin PBXCopyFilesBuildPhase section */
		6286349126CFB25D009FFC9D /* Embed App Extensions */ = {
			isa = PBXCopyFilesBuildPhase;
			buildActionMask = 2147483647;
			dstPath = "";
			dstSubfolderSpec = 13;
			files = (
				6286348F26CFB25C009FFC9D /* GoVID-WidgetsExtension.appex in Embed App Extensions */,
			);
			name = "Embed App Extensions";
			runOnlyForDeploymentPostprocessing = 0;
		};
/* End PBXCopyFilesBuildPhase section */

/* Begin PBXFileReference section */
		62043B3026CF9C00001EA622 /* GoVID.app */ = {isa = PBXFileReference; explicitFileType = wrapper.application; includeInIndex = 0; path = GoVID.app; sourceTree = BUILT_PRODUCTS_DIR; };
		62043B3326CF9C00001EA622 /* AppDelegate.swift */ = {isa = PBXFileReference; lastKnownFileType = sourcecode.swift; path = AppDelegate.swift; sourceTree = "<group>"; };
		62043B3526CF9C00001EA622 /* SceneDelegate.swift */ = {isa = PBXFileReference; lastKnownFileType = sourcecode.swift; path = SceneDelegate.swift; sourceTree = "<group>"; };
		62043B3726CF9C00001EA622 /* ContentView.swift */ = {isa = PBXFileReference; lastKnownFileType = sourcecode.swift; path = ContentView.swift; sourceTree = "<group>"; };
		62043B3926CF9C02001EA622 /* Assets.xcassets */ = {isa = PBXFileReference; lastKnownFileType = folder.assetcatalog; path = Assets.xcassets; sourceTree = "<group>"; };
		62043B3C26CF9C02001EA622 /* Preview Assets.xcassets */ = {isa = PBXFileReference; lastKnownFileType = folder.assetcatalog; path = "Preview Assets.xcassets"; sourceTree = "<group>"; };
		62043B3F26CF9C02001EA622 /* Base */ = {isa = PBXFileReference; lastKnownFileType = file.storyboard; name = Base; path = Base.lproj/LaunchScreen.storyboard; sourceTree = "<group>"; };
		62043B4126CF9C02001EA622 /* Info.plist */ = {isa = PBXFileReference; lastKnownFileType = text.plist.xml; path = Info.plist; sourceTree = "<group>"; };
		62043B4726CF9C15001EA622 /* WebLoader.swift */ = {isa = PBXFileReference; fileEncoding = 4; lastKnownFileType = sourcecode.swift; path = WebLoader.swift; sourceTree = "<group>"; };
		62043B4826CF9C15001EA622 /* CovidAPI.swift */ = {isa = PBXFileReference; fileEncoding = 4; lastKnownFileType = sourcecode.swift; path = CovidAPI.swift; sourceTree = "<group>"; };
		62043B4926CF9C15001EA622 /* LoadingSpinner.swift */ = {isa = PBXFileReference; fileEncoding = 4; lastKnownFileType = sourcecode.swift; path = LoadingSpinner.swift; sourceTree = "<group>"; };
		62043B4D26CF9C3D001EA622 /* GoVID.entitlements */ = {isa = PBXFileReference; lastKnownFileType = text.plist.entitlements; path = GoVID.entitlements; sourceTree = "<group>"; };
		62043B5126CFA13B001EA622 /* StatView.swift */ = {isa = PBXFileReference; lastKnownFileType = sourcecode.swift; path = StatView.swift; sourceTree = "<group>"; };
		62043B5626CFA162001EA622 /* ViewModel.swift */ = {isa = PBXFileReference; lastKnownFileType = sourcecode.swift; path = ViewModel.swift; sourceTree = "<group>"; };
		6210020F26CFAC6700806A2A /* README.md */ = {isa = PBXFileReference; lastKnownFileType = net.daringfireball.markdown; path = README.md; sourceTree = "<group>"; };
		6230290B26DA041A00FCCA9B /* Delta View Model.swift */ = {isa = PBXFileReference; lastKnownFileType = sourcecode.swift; path = "Delta View Model.swift"; sourceTree = "<group>"; };
		6230290D26DA046500FCCA9B /* DeltaView.swift */ = {isa = PBXFileReference; lastKnownFileType = sourcecode.swift; path = DeltaView.swift; sourceTree = "<group>"; };
		6230291426DA127300FCCA9B /* MainView.swift */ = {isa = PBXFileReference; lastKnownFileType = sourcecode.swift; path = MainView.swift; sourceTree = "<group>"; };
		6286348126CFB25C009FFC9D /* GoVID-WidgetsExtension.appex */ = {isa = PBXFileReference; explicitFileType = "wrapper.app-extension"; includeInIndex = 0; path = "GoVID-WidgetsExtension.appex"; sourceTree = BUILT_PRODUCTS_DIR; };
		6286348326CFB25C009FFC9D /* WidgetKit.framework */ = {isa = PBXFileReference; lastKnownFileType = wrapper.framework; name = WidgetKit.framework; path = System/Library/Frameworks/WidgetKit.framework; sourceTree = SDKROOT; };
		6286348526CFB25C009FFC9D /* SwiftUI.framework */ = {isa = PBXFileReference; lastKnownFileType = wrapper.framework; name = SwiftUI.framework; path = System/Library/Frameworks/SwiftUI.framework; sourceTree = SDKROOT; };
		6286348826CFB25C009FFC9D /* GoVID_Widgets.swift */ = {isa = PBXFileReference; lastKnownFileType = sourcecode.swift; path = GoVID_Widgets.swift; sourceTree = "<group>"; };
		6286348A26CFB25C009FFC9D /* Assets.xcassets */ = {isa = PBXFileReference; lastKnownFileType = folder.assetcatalog; path = Assets.xcassets; sourceTree = "<group>"; };
		6286348C26CFB25C009FFC9D /* Info.plist */ = {isa = PBXFileReference; lastKnownFileType = text.plist.xml; path = Info.plist; sourceTree = "<group>"; };
		6286349026CFB25D009FFC9D /* GoVID-WidgetsExtension.entitlements */ = {isa = PBXFileReference; lastKnownFileType = text.plist.entitlements; path = "GoVID-WidgetsExtension.entitlements"; sourceTree = "<group>"; };
		6286349A26CFB331009FFC9D /* ActiveCasesViewModel.swift */ = {isa = PBXFileReference; lastKnownFileType = sourcecode.swift; path = ActiveCasesViewModel.swift; sourceTree = "<group>"; };
/* End PBXFileReference section */

/* Begin PBXFrameworksBuildPhase section */
		62043B2D26CF9C00001EA622 /* Frameworks */ = {
			isa = PBXFrameworksBuildPhase;
			buildActionMask = 2147483647;
			files = (
				62043B5026CF9C66001EA622 /* SwiftSoup in Frameworks */,
				6230291126DA0D9C00FCCA9B /* SwiftUICharts in Frameworks */,
			);
			runOnlyForDeploymentPostprocessing = 0;
		};
		6286347E26CFB25C009FFC9D /* Frameworks */ = {
			isa = PBXFrameworksBuildPhase;
			buildActionMask = 2147483647;
			files = (
				6286348626CFB25C009FFC9D /* SwiftUI.framework in Frameworks */,
				6286348426CFB25C009FFC9D /* WidgetKit.framework in Frameworks */,
				6286349826CFB2FE009FFC9D /* SwiftSoup in Frameworks */,
			);
			runOnlyForDeploymentPostprocessing = 0;
		};
/* End PBXFrameworksBuildPhase section */

/* Begin PBXGroup section */
		62043B2726CF9C00001EA622 = {
			isa = PBXGroup;
			children = (
				6286349026CFB25D009FFC9D /* GoVID-WidgetsExtension.entitlements */,
				6210020F26CFAC6700806A2A /* README.md */,
				62043B3226CF9C00001EA622 /* GoVID */,
				6286348726CFB25C009FFC9D /* GoVID-Widgets */,
				6286348226CFB25C009FFC9D /* Frameworks */,
				62043B3126CF9C00001EA622 /* Products */,
			);
			sourceTree = "<group>";
		};
		62043B3126CF9C00001EA622 /* Products */ = {
			isa = PBXGroup;
			children = (
				62043B3026CF9C00001EA622 /* GoVID.app */,
				6286348126CFB25C009FFC9D /* GoVID-WidgetsExtension.appex */,
			);
			name = Products;
			sourceTree = "<group>";
		};
		62043B3226CF9C00001EA622 /* GoVID */ = {
			isa = PBXGroup;
			children = (
				62043B4D26CF9C3D001EA622 /* GoVID.entitlements */,
				62043B3326CF9C00001EA622 /* AppDelegate.swift */,
				62043B3526CF9C00001EA622 /* SceneDelegate.swift */,
				62043B5426CFA14F001EA622 /* API */,
				62043B5826CFA178001EA622 /* Utilities */,
				62043B5326CFA147001EA622 /* Views */,
				62043B3926CF9C02001EA622 /* Assets.xcassets */,
				62043B3E26CF9C02001EA622 /* LaunchScreen.storyboard */,
				62043B4126CF9C02001EA622 /* Info.plist */,
				62043B3B26CF9C02001EA622 /* Preview Content */,
			);
			path = GoVID;
			sourceTree = "<group>";
		};
		62043B3B26CF9C02001EA622 /* Preview Content */ = {
			isa = PBXGroup;
			children = (
				62043B3C26CF9C02001EA622 /* Preview Assets.xcassets */,
			);
			path = "Preview Content";
			sourceTree = "<group>";
		};
		62043B5326CFA147001EA622 /* Views */ = {
			isa = PBXGroup;
			children = (
				6230290A26DA040500FCCA9B /* Delta View */,
				62043B5526CFA15B001EA622 /* Content View */,
				62043B5126CFA13B001EA622 /* StatView.swift */,
				62043B4926CF9C15001EA622 /* LoadingSpinner.swift */,
				6230291426DA127300FCCA9B /* MainView.swift */,
			);
			path = Views;
			sourceTree = "<group>";
		};
		62043B5426CFA14F001EA622 /* API */ = {
			isa = PBXGroup;
			children = (
				62043B4826CF9C15001EA622 /* CovidAPI.swift */,
			);
			path = API;
			sourceTree = "<group>";
		};
		62043B5526CFA15B001EA622 /* Content View */ = {
			isa = PBXGroup;
			children = (
				62043B3726CF9C00001EA622 /* ContentView.swift */,
				62043B5626CFA162001EA622 /* ViewModel.swift */,
			);
			path = "Content View";
			sourceTree = "<group>";
		};
		62043B5826CFA178001EA622 /* Utilities */ = {
			isa = PBXGroup;
			children = (
				62043B4726CF9C15001EA622 /* WebLoader.swift */,
			);
			path = Utilities;
			sourceTree = "<group>";
		};
		6230290A26DA040500FCCA9B /* Delta View */ = {
			isa = PBXGroup;
			children = (
				6230290B26DA041A00FCCA9B /* Delta View Model.swift */,
				6230290D26DA046500FCCA9B /* DeltaView.swift */,
			);
			path = "Delta View";
			sourceTree = "<group>";
		};
		6286348226CFB25C009FFC9D /* Frameworks */ = {
			isa = PBXGroup;
			children = (
				6286348326CFB25C009FFC9D /* WidgetKit.framework */,
				6286348526CFB25C009FFC9D /* SwiftUI.framework */,
			);
			name = Frameworks;
			sourceTree = "<group>";
		};
		6286348726CFB25C009FFC9D /* GoVID-Widgets */ = {
			isa = PBXGroup;
			children = (
				6286348826CFB25C009FFC9D /* GoVID_Widgets.swift */,
				6286349A26CFB331009FFC9D /* ActiveCasesViewModel.swift */,
				6286348A26CFB25C009FFC9D /* Assets.xcassets */,
				6286348C26CFB25C009FFC9D /* Info.plist */,
			);
			path = "GoVID-Widgets";
			sourceTree = "<group>";
		};
/* End PBXGroup section */

/* Begin PBXNativeTarget section */
		62043B2F26CF9C00001EA622 /* GoVID */ = {
			isa = PBXNativeTarget;
			buildConfigurationList = 62043B4426CF9C02001EA622 /* Build configuration list for PBXNativeTarget "GoVID" */;
			buildPhases = (
				62043B2C26CF9C00001EA622 /* Sources */,
				62043B2D26CF9C00001EA622 /* Frameworks */,
				62043B2E26CF9C00001EA622 /* Resources */,
				6286349126CFB25D009FFC9D /* Embed App Extensions */,
			);
			buildRules = (
			);
			dependencies = (
				6286348E26CFB25C009FFC9D /* PBXTargetDependency */,
			);
			name = GoVID;
			packageProductDependencies = (
				62043B4F26CF9C66001EA622 /* SwiftSoup */,
				6230291026DA0D9C00FCCA9B /* SwiftUICharts */,
			);
			productName = GoVID;
			productReference = 62043B3026CF9C00001EA622 /* GoVID.app */;
			productType = "com.apple.product-type.application";
		};
		6286348026CFB25C009FFC9D /* GoVID-WidgetsExtension */ = {
			isa = PBXNativeTarget;
			buildConfigurationList = 6286349426CFB25D009FFC9D /* Build configuration list for PBXNativeTarget "GoVID-WidgetsExtension" */;
			buildPhases = (
				6286347D26CFB25C009FFC9D /* Sources */,
				6286347E26CFB25C009FFC9D /* Frameworks */,
				6286347F26CFB25C009FFC9D /* Resources */,
			);
			buildRules = (
			);
			dependencies = (
			);
			name = "GoVID-WidgetsExtension";
			packageProductDependencies = (
				6286349726CFB2FE009FFC9D /* SwiftSoup */,
			);
			productName = "GoVID-WidgetsExtension";
			productReference = 6286348126CFB25C009FFC9D /* GoVID-WidgetsExtension.appex */;
			productType = "com.apple.product-type.app-extension";
		};
/* End PBXNativeTarget section */

/* Begin PBXProject section */
		62043B2826CF9C00001EA622 /* Project object */ = {
			isa = PBXProject;
			attributes = {
				LastSwiftUpdateCheck = 1250;
				LastUpgradeCheck = 1250;
				TargetAttributes = {
					62043B2F26CF9C00001EA622 = {
						CreatedOnToolsVersion = 12.5.1;
					};
					6286348026CFB25C009FFC9D = {
						CreatedOnToolsVersion = 12.5.1;
					};
				};
			};
			buildConfigurationList = 62043B2B26CF9C00001EA622 /* Build configuration list for PBXProject "GoVID" */;
			compatibilityVersion = "Xcode 9.3";
			developmentRegion = en;
			hasScannedForEncodings = 0;
			knownRegions = (
				en,
				Base,
			);
			mainGroup = 62043B2726CF9C00001EA622;
			packageReferences = (
				62043B4E26CF9C66001EA622 /* XCRemoteSwiftPackageReference "SwiftSoup" */,
				6230290F26DA0D9C00FCCA9B /* XCRemoteSwiftPackageReference "ChartView" */,
			);
			productRefGroup = 62043B3126CF9C00001EA622 /* Products */;
			projectDirPath = "";
			projectRoot = "";
			targets = (
				62043B2F26CF9C00001EA622 /* GoVID */,
				6286348026CFB25C009FFC9D /* GoVID-WidgetsExtension */,
			);
		};
/* End PBXProject section */

/* Begin PBXResourcesBuildPhase section */
		62043B2E26CF9C00001EA622 /* Resources */ = {
			isa = PBXResourcesBuildPhase;
			buildActionMask = 2147483647;
			files = (
				62043B4026CF9C02001EA622 /* LaunchScreen.storyboard in Resources */,
				62043B3D26CF9C02001EA622 /* Preview Assets.xcassets in Resources */,
				62043B3A26CF9C02001EA622 /* Assets.xcassets in Resources */,
			);
			runOnlyForDeploymentPostprocessing = 0;
		};
		6286347F26CFB25C009FFC9D /* Resources */ = {
			isa = PBXResourcesBuildPhase;
			buildActionMask = 2147483647;
			files = (
				6286348B26CFB25C009FFC9D /* Assets.xcassets in Resources */,
			);
			runOnlyForDeploymentPostprocessing = 0;
		};
/* End PBXResourcesBuildPhase section */

/* Begin PBXSourcesBuildPhase section */
		62043B2C26CF9C00001EA622 /* Sources */ = {
			isa = PBXSourcesBuildPhase;
			buildActionMask = 2147483647;
			files = (
				62043B4B26CF9C15001EA622 /* CovidAPI.swift in Sources */,
				62043B5226CFA13B001EA622 /* StatView.swift in Sources */,
				62043B3426CF9C00001EA622 /* AppDelegate.swift in Sources */,
				62043B4C26CF9C15001EA622 /* LoadingSpinner.swift in Sources */,
				62043B3626CF9C00001EA622 /* SceneDelegate.swift in Sources */,
				6230290E26DA046500FCCA9B /* DeltaView.swift in Sources */,
				62043B3826CF9C00001EA622 /* ContentView.swift in Sources */,
				6230291526DA127300FCCA9B /* MainView.swift in Sources */,
				62043B5726CFA162001EA622 /* ViewModel.swift in Sources */,
				6230290C26DA041A00FCCA9B /* Delta View Model.swift in Sources */,
				62043B4A26CF9C15001EA622 /* WebLoader.swift in Sources */,
			);
			runOnlyForDeploymentPostprocessing = 0;
		};
		6286347D26CFB25C009FFC9D /* Sources */ = {
			isa = PBXSourcesBuildPhase;
			buildActionMask = 2147483647;
			files = (
				6286349926CFB308009FFC9D /* StatView.swift in Sources */,
				6286349526CFB2E2009FFC9D /* CovidAPI.swift in Sources */,
				6286348926CFB25C009FFC9D /* GoVID_Widgets.swift in Sources */,
				6286349C26CFB375009FFC9D /* ActiveCasesViewModel.swift in Sources */,
				6286349626CFB2F0009FFC9D /* WebLoader.swift in Sources */,
			);
			runOnlyForDeploymentPostprocessing = 0;
		};
/* End PBXSourcesBuildPhase section */

/* Begin PBXTargetDependency section */
		6286348E26CFB25C009FFC9D /* PBXTargetDependency */ = {
			isa = PBXTargetDependency;
			target = 6286348026CFB25C009FFC9D /* GoVID-WidgetsExtension */;
			targetProxy = 6286348D26CFB25C009FFC9D /* PBXContainerItemProxy */;
		};
/* End PBXTargetDependency section */

/* Begin PBXVariantGroup section */
		62043B3E26CF9C02001EA622 /* LaunchScreen.storyboard */ = {
			isa = PBXVariantGroup;
			children = (
				62043B3F26CF9C02001EA622 /* Base */,
			);
			name = LaunchScreen.storyboard;
			sourceTree = "<group>";
		};
/* End PBXVariantGroup section */

/* Begin XCBuildConfiguration section */
		62043B4226CF9C02001EA622 /* Debug */ = {
			isa = XCBuildConfiguration;
			buildSettings = {
				ALWAYS_SEARCH_USER_PATHS = NO;
				CLANG_ANALYZER_NONNULL = YES;
				CLANG_ANALYZER_NUMBER_OBJECT_CONVERSION = YES_AGGRESSIVE;
				CLANG_CXX_LANGUAGE_STANDARD = "gnu++14";
				CLANG_CXX_LIBRARY = "libc++";
				CLANG_ENABLE_MODULES = YES;
				CLANG_ENABLE_OBJC_ARC = YES;
				CLANG_ENABLE_OBJC_WEAK = YES;
				CLANG_WARN_BLOCK_CAPTURE_AUTORELEASING = YES;
				CLANG_WARN_BOOL_CONVERSION = YES;
				CLANG_WARN_COMMA = YES;
				CLANG_WARN_CONSTANT_CONVERSION = YES;
				CLANG_WARN_DEPRECATED_OBJC_IMPLEMENTATIONS = YES;
				CLANG_WARN_DIRECT_OBJC_ISA_USAGE = YES_ERROR;
				CLANG_WARN_DOCUMENTATION_COMMENTS = YES;
				CLANG_WARN_EMPTY_BODY = YES;
				CLANG_WARN_ENUM_CONVERSION = YES;
				CLANG_WARN_INFINITE_RECURSION = YES;
				CLANG_WARN_INT_CONVERSION = YES;
				CLANG_WARN_NON_LITERAL_NULL_CONVERSION = YES;
				CLANG_WARN_OBJC_IMPLICIT_RETAIN_SELF = YES;
				CLANG_WARN_OBJC_LITERAL_CONVERSION = YES;
				CLANG_WARN_OBJC_ROOT_CLASS = YES_ERROR;
				CLANG_WARN_QUOTED_INCLUDE_IN_FRAMEWORK_HEADER = YES;
				CLANG_WARN_RANGE_LOOP_ANALYSIS = YES;
				CLANG_WARN_STRICT_PROTOTYPES = YES;
				CLANG_WARN_SUSPICIOUS_MOVE = YES;
				CLANG_WARN_UNGUARDED_AVAILABILITY = YES_AGGRESSIVE;
				CLANG_WARN_UNREACHABLE_CODE = YES;
				CLANG_WARN__DUPLICATE_METHOD_MATCH = YES;
				COPY_PHASE_STRIP = NO;
				DEBUG_INFORMATION_FORMAT = dwarf;
				ENABLE_STRICT_OBJC_MSGSEND = YES;
				ENABLE_TESTABILITY = YES;
				GCC_C_LANGUAGE_STANDARD = gnu11;
				GCC_DYNAMIC_NO_PIC = NO;
				GCC_NO_COMMON_BLOCKS = YES;
				GCC_OPTIMIZATION_LEVEL = 0;
				GCC_PREPROCESSOR_DEFINITIONS = (
					"DEBUG=1",
					"$(inherited)",
				);
				GCC_WARN_64_TO_32_BIT_CONVERSION = YES;
				GCC_WARN_ABOUT_RETURN_TYPE = YES_ERROR;
				GCC_WARN_UNDECLARED_SELECTOR = YES;
				GCC_WARN_UNINITIALIZED_AUTOS = YES_AGGRESSIVE;
				GCC_WARN_UNUSED_FUNCTION = YES;
				GCC_WARN_UNUSED_VARIABLE = YES;
				IPHONEOS_DEPLOYMENT_TARGET = 14.5;
				MTL_ENABLE_DEBUG_INFO = INCLUDE_SOURCE;
				MTL_FAST_MATH = YES;
				ONLY_ACTIVE_ARCH = YES;
				SDKROOT = iphoneos;
				SWIFT_ACTIVE_COMPILATION_CONDITIONS = DEBUG;
				SWIFT_OPTIMIZATION_LEVEL = "-Onone";
			};
			name = Debug;
		};
		62043B4326CF9C02001EA622 /* Release */ = {
			isa = XCBuildConfiguration;
			buildSettings = {
				ALWAYS_SEARCH_USER_PATHS = NO;
				CLANG_ANALYZER_NONNULL = YES;
				CLANG_ANALYZER_NUMBER_OBJECT_CONVERSION = YES_AGGRESSIVE;
				CLANG_CXX_LANGUAGE_STANDARD = "gnu++14";
				CLANG_CXX_LIBRARY = "libc++";
				CLANG_ENABLE_MODULES = YES;
				CLANG_ENABLE_OBJC_ARC = YES;
				CLANG_ENABLE_OBJC_WEAK = YES;
				CLANG_WARN_BLOCK_CAPTURE_AUTORELEASING = YES;
				CLANG_WARN_BOOL_CONVERSION = YES;
				CLANG_WARN_COMMA = YES;
				CLANG_WARN_CONSTANT_CONVERSION = YES;
				CLANG_WARN_DEPRECATED_OBJC_IMPLEMENTATIONS = YES;
				CLANG_WARN_DIRECT_OBJC_ISA_USAGE = YES_ERROR;
				CLANG_WARN_DOCUMENTATION_COMMENTS = YES;
				CLANG_WARN_EMPTY_BODY = YES;
				CLANG_WARN_ENUM_CONVERSION = YES;
				CLANG_WARN_INFINITE_RECURSION = YES;
				CLANG_WARN_INT_CONVERSION = YES;
				CLANG_WARN_NON_LITERAL_NULL_CONVERSION = YES;
				CLANG_WARN_OBJC_IMPLICIT_RETAIN_SELF = YES;
				CLANG_WARN_OBJC_LITERAL_CONVERSION = YES;
				CLANG_WARN_OBJC_ROOT_CLASS = YES_ERROR;
				CLANG_WARN_QUOTED_INCLUDE_IN_FRAMEWORK_HEADER = YES;
				CLANG_WARN_RANGE_LOOP_ANALYSIS = YES;
				CLANG_WARN_STRICT_PROTOTYPES = YES;
				CLANG_WARN_SUSPICIOUS_MOVE = YES;
				CLANG_WARN_UNGUARDED_AVAILABILITY = YES_AGGRESSIVE;
				CLANG_WARN_UNREACHABLE_CODE = YES;
				CLANG_WARN__DUPLICATE_METHOD_MATCH = YES;
				COPY_PHASE_STRIP = NO;
				DEBUG_INFORMATION_FORMAT = "dwarf-with-dsym";
				ENABLE_NS_ASSERTIONS = NO;
				ENABLE_STRICT_OBJC_MSGSEND = YES;
				GCC_C_LANGUAGE_STANDARD = gnu11;
				GCC_NO_COMMON_BLOCKS = YES;
				GCC_WARN_64_TO_32_BIT_CONVERSION = YES;
				GCC_WARN_ABOUT_RETURN_TYPE = YES_ERROR;
				GCC_WARN_UNDECLARED_SELECTOR = YES;
				GCC_WARN_UNINITIALIZED_AUTOS = YES_AGGRESSIVE;
				GCC_WARN_UNUSED_FUNCTION = YES;
				GCC_WARN_UNUSED_VARIABLE = YES;
				IPHONEOS_DEPLOYMENT_TARGET = 14.5;
				MTL_ENABLE_DEBUG_INFO = NO;
				MTL_FAST_MATH = YES;
				SDKROOT = iphoneos;
				SWIFT_COMPILATION_MODE = wholemodule;
				SWIFT_OPTIMIZATION_LEVEL = "-O";
				VALIDATE_PRODUCT = YES;
			};
			name = Release;
		};
		62043B4526CF9C02001EA622 /* Debug */ = {
			isa = XCBuildConfiguration;
			buildSettings = {
				ALWAYS_EMBED_SWIFT_STANDARD_LIBRARIES = YES;
				ASSETCATALOG_COMPILER_APPICON_NAME = AppIcon;
				ASSETCATALOG_COMPILER_GLOBAL_ACCENT_COLOR_NAME = AccentColor;
				CODE_SIGN_ENTITLEMENTS = GoVID/GoVID.entitlements;
				CODE_SIGN_STYLE = Automatic;
				CURRENT_PROJECT_VERSION = 5;
				DEVELOPMENT_ASSET_PATHS = "\"GoVID/Preview Content\"";
				DEVELOPMENT_TEAM = 6CW3378X23;
				ENABLE_PREVIEWS = YES;
				INFOPLIST_FILE = GoVID/Info.plist;
				IPHONEOS_DEPLOYMENT_TARGET = 14.1;
				LD_RUNPATH_SEARCH_PATHS = (
					"$(inherited)",
					"@executable_path/Frameworks",
				);
				MARKETING_VERSION = 1.2.1;
				PRODUCT_BUNDLE_IDENTIFIER = com.dylan.GoVID;
				PRODUCT_NAME = "$(TARGET_NAME)";
				SUPPORTS_MACCATALYST = YES;
				SWIFT_VERSION = 5.0;
				TARGETED_DEVICE_FAMILY = "1,2";
			};
			name = Debug;
		};
		62043B4626CF9C02001EA622 /* Release */ = {
			isa = XCBuildConfiguration;
			buildSettings = {
				ALWAYS_EMBED_SWIFT_STANDARD_LIBRARIES = YES;
				ASSETCATALOG_COMPILER_APPICON_NAME = AppIcon;
				ASSETCATALOG_COMPILER_GLOBAL_ACCENT_COLOR_NAME = AccentColor;
				CODE_SIGN_ENTITLEMENTS = GoVID/GoVID.entitlements;
				CODE_SIGN_STYLE = Automatic;
				CURRENT_PROJECT_VERSION = 5;
				DEVELOPMENT_ASSET_PATHS = "\"GoVID/Preview Content\"";
				DEVELOPMENT_TEAM = 6CW3378X23;
				ENABLE_PREVIEWS = YES;
				INFOPLIST_FILE = GoVID/Info.plist;
				IPHONEOS_DEPLOYMENT_TARGET = 14.1;
				LD_RUNPATH_SEARCH_PATHS = (
					"$(inherited)",
					"@executable_path/Frameworks",
				);
				MARKETING_VERSION = 1.2.1;
				PRODUCT_BUNDLE_IDENTIFIER = com.dylan.GoVID;
				PRODUCT_NAME = "$(TARGET_NAME)";
				SUPPORTS_MACCATALYST = YES;
				SWIFT_VERSION = 5.0;
				TARGETED_DEVICE_FAMILY = "1,2";
			};
			name = Release;
		};
		6286349226CFB25D009FFC9D /* Debug */ = {
			isa = XCBuildConfiguration;
			buildSettings = {
				ASSETCATALOG_COMPILER_GLOBAL_ACCENT_COLOR_NAME = AccentColor;
				ASSETCATALOG_COMPILER_WIDGET_BACKGROUND_COLOR_NAME = WidgetBackground;
				CODE_SIGN_ENTITLEMENTS = "GoVID-WidgetsExtension.entitlements";
				CODE_SIGN_STYLE = Automatic;
				CURRENT_PROJECT_VERSION = 5;
				DEVELOPMENT_TEAM = 6CW3378X23;
				INFOPLIST_FILE = "GoVID-Widgets/Info.plist";
				IPHONEOS_DEPLOYMENT_TARGET = 14.1;
				LD_RUNPATH_SEARCH_PATHS = (
					"$(inherited)",
					"@executable_path/Frameworks",
					"@executable_path/../../Frameworks",
				);
				MARKETING_VERSION = 1.2.1;
				PRODUCT_BUNDLE_IDENTIFIER = "com.dylan.GoVID.GoVID-Widgets";
				PRODUCT_NAME = "$(TARGET_NAME)";
				SKIP_INSTALL = YES;
				SUPPORTS_MACCATALYST = YES;
				SWIFT_VERSION = 5.0;
				TARGETED_DEVICE_FAMILY = "1,2";
			};
			name = Debug;
		};
		6286349326CFB25D009FFC9D /* Release */ = {
			isa = XCBuildConfiguration;
			buildSettings = {
				ASSETCATALOG_COMPILER_GLOBAL_ACCENT_COLOR_NAME = AccentColor;
				ASSETCATALOG_COMPILER_WIDGET_BACKGROUND_COLOR_NAME = WidgetBackground;
				CODE_SIGN_ENTITLEMENTS = "GoVID-WidgetsExtension.entitlements";
				CODE_SIGN_STYLE = Automatic;
				CURRENT_PROJECT_VERSION = 5;
				DEVELOPMENT_TEAM = 6CW3378X23;
				INFOPLIST_FILE = "GoVID-Widgets/Info.plist";
				IPHONEOS_DEPLOYMENT_TARGET = 14.1;
				LD_RUNPATH_SEARCH_PATHS = (
					"$(inherited)",
					"@executable_path/Frameworks",
					"@executable_path/../../Frameworks",
				);
				MARKETING_VERSION = 1.2.1;
				PRODUCT_BUNDLE_IDENTIFIER = "com.dylan.GoVID.GoVID-Widgets";
				PRODUCT_NAME = "$(TARGET_NAME)";
				SKIP_INSTALL = YES;
				SUPPORTS_MACCATALYST = YES;
				SWIFT_VERSION = 5.0;
				TARGETED_DEVICE_FAMILY = "1,2";
			};
			name = Release;
		};
/* End XCBuildConfiguration section */

/* Begin XCConfigurationList section */
		62043B2B26CF9C00001EA622 /* Build configuration list for PBXProject "GoVID" */ = {
			isa = XCConfigurationList;
			buildConfigurations = (
				62043B4226CF9C02001EA622 /* Debug */,
				62043B4326CF9C02001EA622 /* Release */,
			);
			defaultConfigurationIsVisible = 0;
			defaultConfigurationName = Release;
		};
		62043B4426CF9C02001EA622 /* Build configuration list for PBXNativeTarget "GoVID" */ = {
			isa = XCConfigurationList;
			buildConfigurations = (
				62043B4526CF9C02001EA622 /* Debug */,
				62043B4626CF9C02001EA622 /* Release */,
			);
			defaultConfigurationIsVisible = 0;
			defaultConfigurationName = Release;
		};
		6286349426CFB25D009FFC9D /* Build configuration list for PBXNativeTarget "GoVID-WidgetsExtension" */ = {
			isa = XCConfigurationList;
			buildConfigurations = (
				6286349226CFB25D009FFC9D /* Debug */,
				6286349326CFB25D009FFC9D /* Release */,
			);
			defaultConfigurationIsVisible = 0;
			defaultConfigurationName = Release;
		};
/* End XCConfigurationList section */

/* Begin XCRemoteSwiftPackageReference section */
		62043B4E26CF9C66001EA622 /* XCRemoteSwiftPackageReference "SwiftSoup" */ = {
			isa = XCRemoteSwiftPackageReference;
			repositoryURL = "https://github.com/scinfu/SwiftSoup";
			requirement = {
				kind = upToNextMajorVersion;
				minimumVersion = 2.3.2;
			};
		};
		6230290F26DA0D9C00FCCA9B /* XCRemoteSwiftPackageReference "ChartView" */ = {
			isa = XCRemoteSwiftPackageReference;
			repositoryURL = "https://github.com/AppPear/ChartView";
			requirement = {
				kind = upToNextMajorVersion;
				minimumVersion = 1.5.5;
			};
		};
/* End XCRemoteSwiftPackageReference section */

/* Begin XCSwiftPackageProductDependency section */
		62043B4F26CF9C66001EA622 /* SwiftSoup */ = {
			isa = XCSwiftPackageProductDependency;
			package = 62043B4E26CF9C66001EA622 /* XCRemoteSwiftPackageReference "SwiftSoup" */;
			productName = SwiftSoup;
		};
		6230291026DA0D9C00FCCA9B /* SwiftUICharts */ = {
			isa = XCSwiftPackageProductDependency;
			package = 6230290F26DA0D9C00FCCA9B /* XCRemoteSwiftPackageReference "ChartView" */;
			productName = SwiftUICharts;
		};
		6286349726CFB2FE009FFC9D /* SwiftSoup */ = {
			isa = XCSwiftPackageProductDependency;
			package = 62043B4E26CF9C66001EA622 /* XCRemoteSwiftPackageReference "SwiftSoup" */;
			productName = SwiftSoup;
		};
/* End XCSwiftPackageProductDependency section */
	};
	rootObject = 62043B2826CF9C00001EA622 /* Project object */;
}
